
Microsoft Visual Studio Solution File, Format Version 12.00
# Visual Studio Version 16
VisualStudioVersion = 16.0.29025.244
MinimumVisualStudioVersion = 10.0.40219.1
Project("{9A19103F-16F7-4668-BE54-9A1E7A4F7556}") = "AzureResourceMonitoring.Application", "AzureResourceMonitoring.Application\AzureResourceMonitoring.Application.csproj", "{2BC31551-BB69-4E40-899E-3EF13552ABA2}"
EndProject
Global
	GlobalSection(SolutionConfigurationPlatforms) = preSolution
		Debug|Any CPU = Debug|Any CPU
		Release|Any CPU = Release|Any CPU
	EndGlobalSection
	GlobalSection(ProjectConfigurationPlatforms) = postSolution
		{2BC31551-BB69-4E40-899E-3EF13552ABA2}.Debug|Any CPU.ActiveCfg = Debug|Any CPU
		{2BC31551-BB69-4E40-899E-3EF13552ABA2}.Debug|Any CPU.Build.0 = Debug|Any CPU
		{2BC31551-BB69-4E40-899E-3EF13552ABA2}.Release|Any CPU.ActiveCfg = Release|Any CPU
		{2BC31551-BB69-4E40-899E-3EF13552ABA2}.Release|Any CPU.Build.0 = Release|Any CPU
	EndGlobalSection
	GlobalSection(SolutionProperties) = preSolution
		HideSolutionNode = FALSE
	EndGlobalSection
	GlobalSection(ExtensibilityGlobals) = postSolution
		SolutionGuid = {4F584774-ECCF-4EB6-90E7-9E87909FCA56}
	EndGlobalSection
EndGlobal
